
Microsoft Visual Studio Solution File, Format Version 12.00
Project("{FAE04EC0-301F-11D3-BF4B-00C04F79EFBC}") = "WeatherService", "WeatherService\WeatherService.csproj", "{835BAE3C-3D56-4827-9105-E846A40976D7}"
EndProject
Global
	GlobalSection(SolutionConfigurationPlatforms) = preSolution
		Debug|Any CPU = Debug|Any CPU
		Release|Any CPU = Release|Any CPU
	EndGlobalSection
	GlobalSection(ProjectConfigurationPlatforms) = postSolution
		{835BAE3C-3D56-4827-9105-E846A40976D7}.Debug|Any CPU.ActiveCfg = Debug|Any CPU
		{835BAE3C-3D56-4827-9105-E846A40976D7}.Debug|Any CPU.Build.0 = Debug|Any CPU
		{835BAE3C-3D56-4827-9105-E846A40976D7}.Release|Any CPU.ActiveCfg = Release|Any CPU
		{835BAE3C-3D56-4827-9105-E846A40976D7}.Release|Any CPU.Build.0 = Release|Any CPU
	EndGlobalSection
EndGlobal
